// !$*UTF8*$!
{
	archiveVersion = 1;
	classes = {
	};
	objectVersion = 50;
	objects = {

/* Begin PBXBuildFile section */
		155A3A6A2125CF3000C81A5A /* AppDelegate.swift in Sources */ = {isa = PBXBuildFile; fileRef = 155A3A692125CF3000C81A5A /* AppDelegate.swift */; };
		155A3A6C2125CF3000C81A5A /* AudioTableViewController.swift in Sources */ = {isa = PBXBuildFile; fileRef = 155A3A6B2125CF3000C81A5A /* AudioTableViewController.swift */; };
		155A3A6F2125CF3000C81A5A /* Main.storyboard in Resources */ = {isa = PBXBuildFile; fileRef = 155A3A6D2125CF3000C81A5A /* Main.storyboard */; };
		155A3A712125CF3100C81A5A /* Assets.xcassets in Resources */ = {isa = PBXBuildFile; fileRef = 155A3A702125CF3100C81A5A /* Assets.xcassets */; };
		155A3A742125CF3100C81A5A /* LaunchScreen.storyboard in Resources */ = {isa = PBXBuildFile; fileRef = 155A3A722125CF3100C81A5A /* LaunchScreen.storyboard */; };
		155A3A7C2125D1E500C81A5A /* RecordViewController.swift in Sources */ = {isa = PBXBuildFile; fileRef = 155A3A7B2125D1E500C81A5A /* RecordViewController.swift */; };
		155A3A82212B1D3F00C81A5A /* Utility.swift in Sources */ = {isa = PBXBuildFile; fileRef = 155A3A81212B1D3F00C81A5A /* Utility.swift */; };
		155A3A84212B316E00C81A5A /* SaveViewController.swift in Sources */ = {isa = PBXBuildFile; fileRef = 155A3A83212B316E00C81A5A /* SaveViewController.swift */; };
/* End PBXBuildFile section */

/* Begin PBXFileReference section */
		155A3A662125CF3000C81A5A /* AudioMemo.app */ = {isa = PBXFileReference; explicitFileType = wrapper.application; includeInIndex = 0; path = AudioMemo.app; sourceTree = BUILT_PRODUCTS_DIR; };
		155A3A692125CF3000C81A5A /* AppDelegate.swift */ = {isa = PBXFileReference; lastKnownFileType = sourcecode.swift; path = AppDelegate.swift; sourceTree = "<group>"; };
		155A3A6B2125CF3000C81A5A /* AudioTableViewController.swift */ = {isa = PBXFileReference; lastKnownFileType = sourcecode.swift; path = AudioTableViewController.swift; sourceTree = "<group>"; };
		155A3A6E2125CF3000C81A5A /* Base */ = {isa = PBXFileReference; lastKnownFileType = file.storyboard; name = Base; path = Base.lproj/Main.storyboard; sourceTree = "<group>"; };
		155A3A702125CF3100C81A5A /* Assets.xcassets */ = {isa = PBXFileReference; lastKnownFileType = folder.assetcatalog; path = Assets.xcassets; sourceTree = "<group>"; };
		155A3A732125CF3100C81A5A /* Base */ = {isa = PBXFileReference; lastKnownFileType = file.storyboard; name = Base; path = Base.lproj/LaunchScreen.storyboard; sourceTree = "<group>"; };
		155A3A752125CF3100C81A5A /* Info.plist */ = {isa = PBXFileReference; lastKnownFileType = text.plist.xml; path = Info.plist; sourceTree = "<group>"; };
		155A3A7B2125D1E500C81A5A /* RecordViewController.swift */ = {isa = PBXFileReference; lastKnownFileType = sourcecode.swift; path = RecordViewController.swift; sourceTree = "<group>"; };
		155A3A81212B1D3F00C81A5A /* Utility.swift */ = {isa = PBXFileReference; lastKnownFileType = sourcecode.swift; path = Utility.swift; sourceTree = "<group>"; };
		155A3A83212B316E00C81A5A /* SaveViewController.swift */ = {isa = PBXFileReference; lastKnownFileType = sourcecode.swift; path = SaveViewController.swift; sourceTree = "<group>"; };
/* End PBXFileReference section */

/* Begin PBXFrameworksBuildPhase section */
		155A3A632125CF3000C81A5A /* Frameworks */ = {
			isa = PBXFrameworksBuildPhase;
			buildActionMask = 2147483647;
			files = (
			);
			runOnlyForDeploymentPostprocessing = 0;
		};
/* End PBXFrameworksBuildPhase section */

/* Begin PBXGroup section */
		155A3A5D2125CF3000C81A5A = {
			isa = PBXGroup;
			children = (
				155A3A682125CF3000C81A5A /* AudioMemo */,
				155A3A672125CF3000C81A5A /* Products */,
			);
			sourceTree = "<group>";
		};
		155A3A672125CF3000C81A5A /* Products */ = {
			isa = PBXGroup;
			children = (
				155A3A662125CF3000C81A5A /* AudioMemo.app */,
			);
			name = Products;
			sourceTree = "<group>";
		};
		155A3A682125CF3000C81A5A /* AudioMemo */ = {
			isa = PBXGroup;
			children = (
				155A3A80212ADFE000C81A5A /* Custom Classes */,
				155A3A7F2125D2C900C81A5A /* Assets */,
				155A3A7E2125D2B300C81A5A /* Template */,
				155A3A7D2125D2A000C81A5A /* ViewController */,
				155A3A752125CF3100C81A5A /* Info.plist */,
			);
			path = AudioMemo;
			sourceTree = "<group>";
		};
		155A3A7D2125D2A000C81A5A /* ViewController */ = {
			isa = PBXGroup;
			children = (
				155A3A6B2125CF3000C81A5A /* AudioTableViewController.swift */,
				155A3A7B2125D1E500C81A5A /* RecordViewController.swift */,
				155A3A83212B316E00C81A5A /* SaveViewController.swift */,
			);
			path = ViewController;
			sourceTree = "<group>";
		};
		155A3A7E2125D2B300C81A5A /* Template */ = {
			isa = PBXGroup;
			children = (
				155A3A692125CF3000C81A5A /* AppDelegate.swift */,
			);
			path = Template;
			sourceTree = "<group>";
		};
		155A3A7F2125D2C900C81A5A /* Assets */ = {
			isa = PBXGroup;
			children = (
				155A3A6D2125CF3000C81A5A /* Main.storyboard */,
				155A3A722125CF3100C81A5A /* LaunchScreen.storyboard */,
				155A3A702125CF3100C81A5A /* Assets.xcassets */,
			);
			path = Assets;
			sourceTree = "<group>";
		};
		155A3A80212ADFE000C81A5A /* Custom Classes */ = {
			isa = PBXGroup;
			children = (
				155A3A81212B1D3F00C81A5A /* Utility.swift */,
			);
			path = "Custom Classes";
			sourceTree = "<group>";
		};
/* End PBXGroup section */

/* Begin PBXNativeTarget section */
		155A3A652125CF3000C81A5A /* AudioMemo */ = {
			isa = PBXNativeTarget;
			buildConfigurationList = 155A3A782125CF3100C81A5A /* Build configuration list for PBXNativeTarget "AudioMemo" */;
			buildPhases = (
				155A3A622125CF3000C81A5A /* Sources */,
				155A3A632125CF3000C81A5A /* Frameworks */,
				155A3A642125CF3000C81A5A /* Resources */,
			);
			buildRules = (
			);
			dependencies = (
			);
			name = AudioMemo;
			productName = AudioMemo;
			productReference = 155A3A662125CF3000C81A5A /* AudioMemo.app */;
			productType = "com.apple.product-type.application";
		};
/* End PBXNativeTarget section */

/* Begin PBXProject section */
		155A3A5E2125CF3000C81A5A /* Project object */ = {
			isa = PBXProject;
			attributes = {
				LastSwiftUpdateCheck = 0940;
				LastUpgradeCheck = 0940;
				ORGANIZATIONNAME = "Selina Piper";
				TargetAttributes = {
					155A3A652125CF3000C81A5A = {
						CreatedOnToolsVersion = 9.4.1;
					};
				};
			};
			buildConfigurationList = 155A3A612125CF3000C81A5A /* Build configuration list for PBXProject "AudioMemo" */;
			compatibilityVersion = "Xcode 9.3";
			developmentRegion = en;
			hasScannedForEncodings = 0;
			knownRegions = (
				en,
				Base,
			);
			mainGroup = 155A3A5D2125CF3000C81A5A;
			productRefGroup = 155A3A672125CF3000C81A5A /* Products */;
			projectDirPath = "";
			projectRoot = "";
			targets = (
				155A3A652125CF3000C81A5A /* AudioMemo */,
			);
		};
/* End PBXProject section */

/* Begin PBXResourcesBuildPhase section */
		155A3A642125CF3000C81A5A /* Resources */ = {
			isa = PBXResourcesBuildPhase;
			buildActionMask = 2147483647;
			files = (
				155A3A742125CF3100C81A5A /* LaunchScreen.storyboard in Resources */,
				155A3A712125CF3100C81A5A /* Assets.xcassets in Resources */,
				155A3A6F2125CF3000C81A5A /* Main.storyboard in Resources */,
			);
			runOnlyForDeploymentPostprocessing = 0;
		};
/* End PBXResourcesBuildPhase section */

/* Begin PBXSourcesBuildPhase section */
		155A3A622125CF3000C81A5A /* Sources */ = {
			isa = PBXSourcesBuildPhase;
			buildActionMask = 2147483647;
			files = (
				155A3A82212B1D3F00C81A5A /* Utility.swift in Sources */,
				155A3A84212B316E00C81A5A /* SaveViewController.swift in Sources */,
				155A3A7C2125D1E500C81A5A /* RecordViewController.swift in Sources */,
				155A3A6C2125CF3000C81A5A /* AudioTableViewController.swift in Sources */,
				155A3A6A2125CF3000C81A5A /* AppDelegate.swift in Sources */,
			);
			runOnlyForDeploymentPostprocessing = 0;
		};
/* End PBXSourcesBuildPhase section */

/* Begin PBXVariantGroup section */
		155A3A6D2125CF3000C81A5A /* Main.storyboard */ = {
			isa = PBXVariantGroup;
			children = (
				155A3A6E2125CF3000C81A5A /* Base */,
			);
			name = Main.storyboard;
			sourceTree = "<group>";
		};
		155A3A722125CF3100C81A5A /* LaunchScreen.storyboard */ = {
			isa = PBXVariantGroup;
			children = (
				155A3A732125CF3100C81A5A /* Base */,
			);
			name = LaunchScreen.storyboard;
			sourceTree = "<group>";
		};
/* End PBXVariantGroup section */

/* Begin XCBuildConfiguration section */
		155A3A762125CF3100C81A5A /* Debug */ = {
			isa = XCBuildConfiguration;
			buildSettings = {
				ALWAYS_SEARCH_USER_PATHS = NO;
				CLANG_ANALYZER_NONNULL = YES;
				CLANG_ANALYZER_NUMBER_OBJECT_CONVERSION = YES_AGGRESSIVE;
				CLANG_CXX_LANGUAGE_STANDARD = "gnu++14";
				CLANG_CXX_LIBRARY = "libc++";
				CLANG_ENABLE_MODULES = YES;
				CLANG_ENABLE_OBJC_ARC = YES;
				CLANG_ENABLE_OBJC_WEAK = YES;
				CLANG_WARN_BLOCK_CAPTURE_AUTORELEASING = YES;
				CLANG_WARN_BOOL_CONVERSION = YES;
				CLANG_WARN_COMMA = YES;
				CLANG_WARN_CONSTANT_CONVERSION = YES;
				CLANG_WARN_DEPRECATED_OBJC_IMPLEMENTATIONS = YES;
				CLANG_WARN_DIRECT_OBJC_ISA_USAGE = YES_ERROR;
				CLANG_WARN_DOCUMENTATION_COMMENTS = YES;
				CLANG_WARN_EMPTY_BODY = YES;
				CLANG_WARN_ENUM_CONVERSION = YES;
				CLANG_WARN_INFINITE_RECURSION = YES;
				CLANG_WARN_INT_CONVERSION = YES;
				CLANG_WARN_NON_LITERAL_NULL_CONVERSION = YES;
				CLANG_WARN_OBJC_IMPLICIT_RETAIN_SELF = YES;
				CLANG_WARN_OBJC_LITERAL_CONVERSION = YES;
				CLANG_WARN_OBJC_ROOT_CLASS = YES_ERROR;
				CLANG_WARN_RANGE_LOOP_ANALYSIS = YES;
				CLANG_WARN_STRICT_PROTOTYPES = YES;
				CLANG_WARN_SUSPICIOUS_MOVE = YES;
				CLANG_WARN_UNGUARDED_AVAILABILITY = YES_AGGRESSIVE;
				CLANG_WARN_UNREACHABLE_CODE = YES;
				CLANG_WARN__DUPLICATE_METHOD_MATCH = YES;
				CODE_SIGN_IDENTITY = "iPhone Developer";
				COPY_PHASE_STRIP = NO;
				DEBUG_INFORMATION_FORMAT = dwarf;
				ENABLE_STRICT_OBJC_MSGSEND = YES;
				ENABLE_TESTABILITY = YES;
				GCC_C_LANGUAGE_STANDARD = gnu11;
				GCC_DYNAMIC_NO_PIC = NO;
				GCC_NO_COMMON_BLOCKS = YES;
				GCC_OPTIMIZATION_LEVEL = 0;
				GCC_PREPROCESSOR_DEFINITIONS = (
					"DEBUG=1",
					"$(inherited)",
				);
				GCC_WARN_64_TO_32_BIT_CONVERSION = YES;
				GCC_WARN_ABOUT_RETURN_TYPE = YES_ERROR;
				GCC_WARN_UNDECLARED_SELECTOR = YES;
				GCC_WARN_UNINITIALIZED_AUTOS = YES_AGGRESSIVE;
				GCC_WARN_UNUSED_FUNCTION = YES;
				GCC_WARN_UNUSED_VARIABLE = YES;
				IPHONEOS_DEPLOYMENT_TARGET = 11.4;
				MTL_ENABLE_DEBUG_INFO = YES;
				ONLY_ACTIVE_ARCH = YES;
				SDKROOT = iphoneos;
				SWIFT_ACTIVE_COMPILATION_CONDITIONS = DEBUG;
				SWIFT_OPTIMIZATION_LEVEL = "-Onone";
			};
			name = Debug;
		};
		155A3A772125CF3100C81A5A /* Release */ = {
			isa = XCBuildConfiguration;
			buildSettings = {
				ALWAYS_SEARCH_USER_PATHS = NO;
				CLANG_ANALYZER_NONNULL = YES;
				CLANG_ANALYZER_NUMBER_OBJECT_CONVERSION = YES_AGGRESSIVE;
				CLANG_CXX_LANGUAGE_STANDARD = "gnu++14";
				CLANG_CXX_LIBRARY = "libc++";
				CLANG_ENABLE_MODULES = YES;
				CLANG_ENABLE_OBJC_ARC = YES;
				CLANG_ENABLE_OBJC_WEAK = YES;
				CLANG_WARN_BLOCK_CAPTURE_AUTORELEASING = YES;
				CLANG_WARN_BOOL_CONVERSION = YES;
				CLANG_WARN_COMMA = YES;
				CLANG_WARN_CONSTANT_CONVERSION = YES;
				CLANG_WARN_DEPRECATED_OBJC_IMPLEMENTATIONS = YES;
				CLANG_WARN_DIRECT_OBJC_ISA_USAGE = YES_ERROR;
				CLANG_WARN_DOCUMENTATION_COMMENTS = YES;
				CLANG_WARN_EMPTY_BODY = YES;
				CLANG_WARN_ENUM_CONVERSION = YES;
				CLANG_WARN_INFINITE_RECURSION = YES;
				CLANG_WARN_INT_CONVERSION = YES;
				CLANG_WARN_NON_LITERAL_NULL_CONVERSION = YES;
				CLANG_WARN_OBJC_IMPLICIT_RETAIN_SELF = YES;
				CLANG_WARN_OBJC_LITERAL_CONVERSION = YES;
				CLANG_WARN_OBJC_ROOT_CLASS = YES_ERROR;
				CLANG_WARN_RANGE_LOOP_ANALYSIS = YES;
				CLANG_WARN_STRICT_PROTOTYPES = YES;
				CLANG_WARN_SUSPICIOUS_MOVE = YES;
				CLANG_WARN_UNGUARDED_AVAILABILITY = YES_AGGRESSIVE;
				CLANG_WARN_UNREACHABLE_CODE = YES;
				CLANG_WARN__DUPLICATE_METHOD_MATCH = YES;
				CODE_SIGN_IDENTITY = "iPhone Developer";
				COPY_PHASE_STRIP = NO;
				DEBUG_INFORMATION_FORMAT = "dwarf-with-dsym";
				ENABLE_NS_ASSERTIONS = NO;
				ENABLE_STRICT_OBJC_MSGSEND = YES;
				GCC_C_LANGUAGE_STANDARD = gnu11;
				GCC_NO_COMMON_BLOCKS = YES;
				GCC_WARN_64_TO_32_BIT_CONVERSION = YES;
				GCC_WARN_ABOUT_RETURN_TYPE = YES_ERROR;
				GCC_WARN_UNDECLARED_SELECTOR = YES;
				GCC_WARN_UNINITIALIZED_AUTOS = YES_AGGRESSIVE;
				GCC_WARN_UNUSED_FUNCTION = YES;
				GCC_WARN_UNUSED_VARIABLE = YES;
				IPHONEOS_DEPLOYMENT_TARGET = 11.4;
				MTL_ENABLE_DEBUG_INFO = NO;
				SDKROOT = iphoneos;
				SWIFT_COMPILATION_MODE = wholemodule;
				SWIFT_OPTIMIZATION_LEVEL = "-O";
				VALIDATE_PRODUCT = YES;
			};
			name = Release;
		};
		155A3A792125CF3100C81A5A /* Debug */ = {
			isa = XCBuildConfiguration;
			buildSettings = {
				ASSETCATALOG_COMPILER_APPICON_NAME = AppIcon;
				CODE_SIGN_STYLE = Automatic;
				DEVELOPMENT_TEAM = MSS59579UT;
				INFOPLIST_FILE = AudioMemo/Info.plist;
				LD_RUNPATH_SEARCH_PATHS = (
					"$(inherited)",
					"@executable_path/Frameworks",
				);
				PRODUCT_BUNDLE_IDENTIFIER = piper.AudioMemo;
				PRODUCT_NAME = "$(TARGET_NAME)";
				SWIFT_VERSION = 4.0;
				TARGETED_DEVICE_FAMILY = "1,2";
			};
			name = Debug;
		};
		155A3A7A2125CF3100C81A5A /* Release */ = {
			isa = XCBuildConfiguration;
			buildSettings = {
				ASSETCATALOG_COMPILER_APPICON_NAME = AppIcon;
				CODE_SIGN_STYLE = Automatic;
				DEVELOPMENT_TEAM = MSS59579UT;
				INFOPLIST_FILE = AudioMemo/Info.plist;
				LD_RUNPATH_SEARCH_PATHS = (
					"$(inherited)",
					"@executable_path/Frameworks",
				);
				PRODUCT_BUNDLE_IDENTIFIER = piper.AudioMemo;
				PRODUCT_NAME = "$(TARGET_NAME)";
				SWIFT_VERSION = 4.0;
				TARGETED_DEVICE_FAMILY = "1,2";
			};
			name = Release;
		};
/* End XCBuildConfiguration section */

/* Begin XCConfigurationList section */
		155A3A612125CF3000C81A5A /* Build configuration list for PBXProject "AudioMemo" */ = {
			isa = XCConfigurationList;
			buildConfigurations = (
				155A3A762125CF3100C81A5A /* Debug */,
				155A3A772125CF3100C81A5A /* Release */,
			);
			defaultConfigurationIsVisible = 0;
			defaultConfigurationName = Release;
		};
		155A3A782125CF3100C81A5A /* Build configuration list for PBXNativeTarget "AudioMemo" */ = {
			isa = XCConfigurationList;
			buildConfigurations = (
				155A3A792125CF3100C81A5A /* Debug */,
				155A3A7A2125CF3100C81A5A /* Release */,
			);
			defaultConfigurationIsVisible = 0;
			defaultConfigurationName = Release;
		};
/* End XCConfigurationList section */
	};
	rootObject = 155A3A5E2125CF3000C81A5A /* Project object */;
}
